// !$*UTF8*$!
{
	archiveVersion = 1;
	classes = {
	};
	objectVersion = 50;
	objects = {

/* Begin PBXBuildFile section */
		263203AF22C1D42400F17468 /* AppDelegate.swift in Sources */ = {isa = PBXBuildFile; fileRef = 263203AE22C1D42400F17468 /* AppDelegate.swift */; };
		263203B122C1D42400F17468 /* ViewController.swift in Sources */ = {isa = PBXBuildFile; fileRef = 263203B022C1D42400F17468 /* ViewController.swift */; };
		263203B422C1D42400F17468 /* Main.storyboard in Resources */ = {isa = PBXBuildFile; fileRef = 263203B222C1D42400F17468 /* Main.storyboard */; };
		263203B622C1D42700F17468 /* Assets.xcassets in Resources */ = {isa = PBXBuildFile; fileRef = 263203B522C1D42700F17468 /* Assets.xcassets */; };
		263203B922C1D42700F17468 /* LaunchScreen.storyboard in Resources */ = {isa = PBXBuildFile; fileRef = 263203B722C1D42700F17468 /* LaunchScreen.storyboard */; };
		263203C122C1D43400F17468 /* ServiceConnector.swift in Sources */ = {isa = PBXBuildFile; fileRef = 263203C022C1D43400F17468 /* ServiceConnector.swift */; };
		74D256809F7D2A6B2B750133 /* Pods_APIConnector.framework in Frameworks */ = {isa = PBXBuildFile; fileRef = 7870B2ECDA9F2F33D63B0EFE /* Pods_APIConnector.framework */; };
/* End PBXBuildFile section */

/* Begin PBXFileReference section */
		263203AB22C1D42400F17468 /* APIConnector.app */ = {isa = PBXFileReference; explicitFileType = wrapper.application; includeInIndex = 0; path = APIConnector.app; sourceTree = BUILT_PRODUCTS_DIR; };
		263203AE22C1D42400F17468 /* AppDelegate.swift */ = {isa = PBXFileReference; lastKnownFileType = sourcecode.swift; path = AppDelegate.swift; sourceTree = "<group>"; };
		263203B022C1D42400F17468 /* ViewController.swift */ = {isa = PBXFileReference; lastKnownFileType = sourcecode.swift; path = ViewController.swift; sourceTree = "<group>"; };
		263203B322C1D42400F17468 /* Base */ = {isa = PBXFileReference; lastKnownFileType = file.storyboard; name = Base; path = Base.lproj/Main.storyboard; sourceTree = "<group>"; };
		263203B522C1D42700F17468 /* Assets.xcassets */ = {isa = PBXFileReference; lastKnownFileType = folder.assetcatalog; path = Assets.xcassets; sourceTree = "<group>"; };
		263203B822C1D42700F17468 /* Base */ = {isa = PBXFileReference; lastKnownFileType = file.storyboard; name = Base; path = Base.lproj/LaunchScreen.storyboard; sourceTree = "<group>"; };
		263203BA22C1D42700F17468 /* Info.plist */ = {isa = PBXFileReference; lastKnownFileType = text.plist.xml; path = Info.plist; sourceTree = "<group>"; };
		263203C022C1D43400F17468 /* ServiceConnector.swift */ = {isa = PBXFileReference; lastKnownFileType = sourcecode.swift; path = ServiceConnector.swift; sourceTree = "<group>"; };
		2CB0D00F7788655A975F06C3 /* Pods-APIConnector.release.xcconfig */ = {isa = PBXFileReference; includeInIndex = 1; lastKnownFileType = text.xcconfig; name = "Pods-APIConnector.release.xcconfig"; path = "Target Support Files/Pods-APIConnector/Pods-APIConnector.release.xcconfig"; sourceTree = "<group>"; };
		7870B2ECDA9F2F33D63B0EFE /* Pods_APIConnector.framework */ = {isa = PBXFileReference; explicitFileType = wrapper.framework; includeInIndex = 0; path = Pods_APIConnector.framework; sourceTree = BUILT_PRODUCTS_DIR; };
		BFD1E73D8DB064B196DA195F /* Pods-APIConnector.debug.xcconfig */ = {isa = PBXFileReference; includeInIndex = 1; lastKnownFileType = text.xcconfig; name = "Pods-APIConnector.debug.xcconfig"; path = "Target Support Files/Pods-APIConnector/Pods-APIConnector.debug.xcconfig"; sourceTree = "<group>"; };
/* End PBXFileReference section */

/* Begin PBXFrameworksBuildPhase section */
		263203A822C1D42400F17468 /* Frameworks */ = {
			isa = PBXFrameworksBuildPhase;
			buildActionMask = 2147483647;
			files = (
				74D256809F7D2A6B2B750133 /* Pods_APIConnector.framework in Frameworks */,
			);
			runOnlyForDeploymentPostprocessing = 0;
		};
/* End PBXFrameworksBuildPhase section */

/* Begin PBXGroup section */
		263203A222C1D42400F17468 = {
			isa = PBXGroup;
			children = (
				263203AD22C1D42400F17468 /* APIConnector */,
				263203AC22C1D42400F17468 /* Products */,
				9DCAC8A6227B6E5CF603D53B /* Pods */,
				DDA24714BFB9DDCC1150FDD3 /* Frameworks */,
			);
			sourceTree = "<group>";
		};
		263203AC22C1D42400F17468 /* Products */ = {
			isa = PBXGroup;
			children = (
				263203AB22C1D42400F17468 /* APIConnector.app */,
			);
			name = Products;
			sourceTree = "<group>";
		};
		263203AD22C1D42400F17468 /* APIConnector */ = {
			isa = PBXGroup;
			children = (
				263203AE22C1D42400F17468 /* AppDelegate.swift */,
				263203C022C1D43400F17468 /* ServiceConnector.swift */,
				263203B022C1D42400F17468 /* ViewController.swift */,
				263203B222C1D42400F17468 /* Main.storyboard */,
				263203B522C1D42700F17468 /* Assets.xcassets */,
				263203B722C1D42700F17468 /* LaunchScreen.storyboard */,
				263203BA22C1D42700F17468 /* Info.plist */,
			);
			path = APIConnector;
			sourceTree = "<group>";
		};
		9DCAC8A6227B6E5CF603D53B /* Pods */ = {
			isa = PBXGroup;
			children = (
				BFD1E73D8DB064B196DA195F /* Pods-APIConnector.debug.xcconfig */,
				2CB0D00F7788655A975F06C3 /* Pods-APIConnector.release.xcconfig */,
			);
			name = Pods;
			path = Pods;
			sourceTree = "<group>";
		};
		DDA24714BFB9DDCC1150FDD3 /* Frameworks */ = {
			isa = PBXGroup;
			children = (
				7870B2ECDA9F2F33D63B0EFE /* Pods_APIConnector.framework */,
			);
			name = Frameworks;
			sourceTree = "<group>";
		};
/* End PBXGroup section */

/* Begin PBXNativeTarget section */
		263203AA22C1D42400F17468 /* APIConnector */ = {
			isa = PBXNativeTarget;
			buildConfigurationList = 263203BD22C1D42700F17468 /* Build configuration list for PBXNativeTarget "APIConnector" */;
			buildPhases = (
				DB106F277DFEAAA17DCA9328 /* [CP] Check Pods Manifest.lock */,
				263203A722C1D42400F17468 /* Sources */,
				263203A822C1D42400F17468 /* Frameworks */,
				263203A922C1D42400F17468 /* Resources */,
				09031DF8849111BFB316C632 /* [CP] Embed Pods Frameworks */,
			);
			buildRules = (
			);
			dependencies = (
			);
			name = APIConnector;
			productName = APIConnector;
			productReference = 263203AB22C1D42400F17468 /* APIConnector.app */;
			productType = "com.apple.product-type.application";
		};
/* End PBXNativeTarget section */

/* Begin PBXProject section */
		263203A322C1D42400F17468 /* Project object */ = {
			isa = PBXProject;
			attributes = {
				LastSwiftUpdateCheck = 1020;
				LastUpgradeCheck = 1020;
				ORGANIZATIONNAME = "Ky Nguyen";
				TargetAttributes = {
					263203AA22C1D42400F17468 = {
						CreatedOnToolsVersion = 10.2.1;
					};
				};
			};
			buildConfigurationList = 263203A622C1D42400F17468 /* Build configuration list for PBXProject "APIConnector" */;
			compatibilityVersion = "Xcode 9.3";
			developmentRegion = en;
			hasScannedForEncodings = 0;
			knownRegions = (
				en,
				Base,
			);
			mainGroup = 263203A222C1D42400F17468;
			productRefGroup = 263203AC22C1D42400F17468 /* Products */;
			projectDirPath = "";
			projectRoot = "";
			targets = (
				263203AA22C1D42400F17468 /* APIConnector */,
			);
		};
/* End PBXProject section */

/* Begin PBXResourcesBuildPhase section */
		263203A922C1D42400F17468 /* Resources */ = {
			isa = PBXResourcesBuildPhase;
			buildActionMask = 2147483647;
			files = (
				263203B922C1D42700F17468 /* LaunchScreen.storyboard in Resources */,
				263203B622C1D42700F17468 /* Assets.xcassets in Resources */,
				263203B422C1D42400F17468 /* Main.storyboard in Resources */,
			);
			runOnlyForDeploymentPostprocessing = 0;
		};
/* End PBXResourcesBuildPhase section */

/* Begin PBXShellScriptBuildPhase section */
		09031DF8849111BFB316C632 /* [CP] Embed Pods Frameworks */ = {
			isa = PBXShellScriptBuildPhase;
			buildActionMask = 2147483647;
			files = (
			);
			inputFileListPaths = (
			);
			inputPaths = (
				"${PODS_ROOT}/Target Support Files/Pods-APIConnector/Pods-APIConnector-frameworks.sh",
				"${BUILT_PRODUCTS_DIR}/Alamofire/Alamofire.framework",
			);
			name = "[CP] Embed Pods Frameworks";
			outputFileListPaths = (
			);
			outputPaths = (
				"${TARGET_BUILD_DIR}/${FRAMEWORKS_FOLDER_PATH}/Alamofire.framework",
			);
			runOnlyForDeploymentPostprocessing = 0;
			shellPath = /bin/sh;
			shellScript = "\"${PODS_ROOT}/Target Support Files/Pods-APIConnector/Pods-APIConnector-frameworks.sh\"\n";
			showEnvVarsInLog = 0;
		};
		DB106F277DFEAAA17DCA9328 /* [CP] Check Pods Manifest.lock */ = {
			isa = PBXShellScriptBuildPhase;
			buildActionMask = 2147483647;
			files = (
			);
			inputFileListPaths = (
			);
			inputPaths = (
				"${PODS_PODFILE_DIR_PATH}/Podfile.lock",
				"${PODS_ROOT}/Manifest.lock",
			);
			name = "[CP] Check Pods Manifest.lock";
			outputFileListPaths = (
			);
			outputPaths = (
				"$(DERIVED_FILE_DIR)/Pods-APIConnector-checkManifestLockResult.txt",
			);
			runOnlyForDeploymentPostprocessing = 0;
			shellPath = /bin/sh;
			shellScript = "diff \"${PODS_PODFILE_DIR_PATH}/Podfile.lock\" \"${PODS_ROOT}/Manifest.lock\" > /dev/null\nif [ $? != 0 ] ; then\n    # print error to STDERR\n    echo \"error: The sandbox is not in sync with the Podfile.lock. Run 'pod install' or update your CocoaPods installation.\" >&2\n    exit 1\nfi\n# This output is used by Xcode 'outputs' to avoid re-running this script phase.\necho \"SUCCESS\" > \"${SCRIPT_OUTPUT_FILE_0}\"\n";
			showEnvVarsInLog = 0;
		};
/* End PBXShellScriptBuildPhase section */

/* Begin PBXSourcesBuildPhase section */
		263203A722C1D42400F17468 /* Sources */ = {
			isa = PBXSourcesBuildPhase;
			buildActionMask = 2147483647;
			files = (
				263203C122C1D43400F17468 /* ServiceConnector.swift in Sources */,
				263203B122C1D42400F17468 /* ViewController.swift in Sources */,
				263203AF22C1D42400F17468 /* AppDelegate.swift in Sources */,
			);
			runOnlyForDeploymentPostprocessing = 0;
		};
/* End PBXSourcesBuildPhase section */

/* Begin PBXVariantGroup section */
		263203B222C1D42400F17468 /* Main.storyboard */ = {
			isa = PBXVariantGroup;
			children = (
				263203B322C1D42400F17468 /* Base */,
			);
			name = Main.storyboard;
			sourceTree = "<group>";
		};
		263203B722C1D42700F17468 /* LaunchScreen.storyboard */ = {
			isa = PBXVariantGroup;
			children = (
				263203B822C1D42700F17468 /* Base */,
			);
			name = LaunchScreen.storyboard;
			sourceTree = "<group>";
		};
/* End PBXVariantGroup section */

/* Begin XCBuildConfiguration section */
		263203BB22C1D42700F17468 /* Debug */ = {
			isa = XCBuildConfiguration;
			buildSettings = {
				ALWAYS_SEARCH_USER_PATHS = NO;
				CLANG_ANALYZER_NONNULL = YES;
				CLANG_ANALYZER_NUMBER_OBJECT_CONVERSION = YES_AGGRESSIVE;
				CLANG_CXX_LANGUAGE_STANDARD = "gnu++14";
				CLANG_CXX_LIBRARY = "libc++";
				CLANG_ENABLE_MODULES = YES;
				CLANG_ENABLE_OBJC_ARC = YES;
				CLANG_ENABLE_OBJC_WEAK = YES;
				CLANG_WARN_BLOCK_CAPTURE_AUTORELEASING = YES;
				CLANG_WARN_BOOL_CONVERSION = YES;
				CLANG_WARN_COMMA = YES;
				CLANG_WARN_CONSTANT_CONVERSION = YES;
				CLANG_WARN_DEPRECATED_OBJC_IMPLEMENTATIONS = YES;
				CLANG_WARN_DIRECT_OBJC_ISA_USAGE = YES_ERROR;
				CLANG_WARN_DOCUMENTATION_COMMENTS = YES;
				CLANG_WARN_EMPTY_BODY = YES;
				CLANG_WARN_ENUM_CONVERSION = YES;
				CLANG_WARN_INFINITE_RECURSION = YES;
				CLANG_WARN_INT_CONVERSION = YES;
				CLANG_WARN_NON_LITERAL_NULL_CONVERSION = YES;
				CLANG_WARN_OBJC_IMPLICIT_RETAIN_SELF = YES;
				CLANG_WARN_OBJC_LITERAL_CONVERSION = YES;
				CLANG_WARN_OBJC_ROOT_CLASS = YES_ERROR;
				CLANG_WARN_RANGE_LOOP_ANALYSIS = YES;
				CLANG_WARN_STRICT_PROTOTYPES = YES;
				CLANG_WARN_SUSPICIOUS_MOVE = YES;
				CLANG_WARN_UNGUARDED_AVAILABILITY = YES_AGGRESSIVE;
				CLANG_WARN_UNREACHABLE_CODE = YES;
				CLANG_WARN__DUPLICATE_METHOD_MATCH = YES;
				CODE_SIGN_IDENTITY = "iPhone Developer";
				COPY_PHASE_STRIP = NO;
				DEBUG_INFORMATION_FORMAT = dwarf;
				ENABLE_STRICT_OBJC_MSGSEND = YES;
				ENABLE_TESTABILITY = YES;
				GCC_C_LANGUAGE_STANDARD = gnu11;
				GCC_DYNAMIC_NO_PIC = NO;
				GCC_NO_COMMON_BLOCKS = YES;
				GCC_OPTIMIZATION_LEVEL = 0;
				GCC_PREPROCESSOR_DEFINITIONS = (
					"DEBUG=1",
					"$(inherited)",
				);
				GCC_WARN_64_TO_32_BIT_CONVERSION = YES;
				GCC_WARN_ABOUT_RETURN_TYPE = YES_ERROR;
				GCC_WARN_UNDECLARED_SELECTOR = YES;
				GCC_WARN_UNINITIALIZED_AUTOS = YES_AGGRESSIVE;
				GCC_WARN_UNUSED_FUNCTION = YES;
				GCC_WARN_UNUSED_VARIABLE = YES;
				IPHONEOS_DEPLOYMENT_TARGET = 12.2;
				MTL_ENABLE_DEBUG_INFO = INCLUDE_SOURCE;
				MTL_FAST_MATH = YES;
				ONLY_ACTIVE_ARCH = YES;
				SDKROOT = iphoneos;
				SWIFT_ACTIVE_COMPILATION_CONDITIONS = DEBUG;
				SWIFT_OPTIMIZATION_LEVEL = "-Onone";
			};
			name = Debug;
		};
		263203BC22C1D42700F17468 /* Release */ = {
			isa = XCBuildConfiguration;
			buildSettings = {
				ALWAYS_SEARCH_USER_PATHS = NO;
				CLANG_ANALYZER_NONNULL = YES;
				CLANG_ANALYZER_NUMBER_OBJECT_CONVERSION = YES_AGGRESSIVE;
				CLANG_CXX_LANGUAGE_STANDARD = "gnu++14";
				CLANG_CXX_LIBRARY = "libc++";
				CLANG_ENABLE_MODULES = YES;
				CLANG_ENABLE_OBJC_ARC = YES;
				CLANG_ENABLE_OBJC_WEAK = YES;
				CLANG_WARN_BLOCK_CAPTURE_AUTORELEASING = YES;
				CLANG_WARN_BOOL_CONVERSION = YES;
				CLANG_WARN_COMMA = YES;
				CLANG_WARN_CONSTANT_CONVERSION = YES;
				CLANG_WARN_DEPRECATED_OBJC_IMPLEMENTATIONS = YES;
				CLANG_WARN_DIRECT_OBJC_ISA_USAGE = YES_ERROR;
				CLANG_WARN_DOCUMENTATION_COMMENTS = YES;
				CLANG_WARN_EMPTY_BODY = YES;
				CLANG_WARN_ENUM_CONVERSION = YES;
				CLANG_WARN_INFINITE_RECURSION = YES;
				CLANG_WARN_INT_CONVERSION = YES;
				CLANG_WARN_NON_LITERAL_NULL_CONVERSION = YES;
				CLANG_WARN_OBJC_IMPLICIT_RETAIN_SELF = YES;
				CLANG_WARN_OBJC_LITERAL_CONVERSION = YES;
				CLANG_WARN_OBJC_ROOT_CLASS = YES_ERROR;
				CLANG_WARN_RANGE_LOOP_ANALYSIS = YES;
				CLANG_WARN_STRICT_PROTOTYPES = YES;
				CLANG_WARN_SUSPICIOUS_MOVE = YES;
				CLANG_WARN_UNGUARDED_AVAILABILITY = YES_AGGRESSIVE;
				CLANG_WARN_UNREACHABLE_CODE = YES;
				CLANG_WARN__DUPLICATE_METHOD_MATCH = YES;
				CODE_SIGN_IDENTITY = "iPhone Developer";
				COPY_PHASE_STRIP = NO;
				DEBUG_INFORMATION_FORMAT = "dwarf-with-dsym";
				ENABLE_NS_ASSERTIONS = NO;
				ENABLE_STRICT_OBJC_MSGSEND = YES;
				GCC_C_LANGUAGE_STANDARD = gnu11;
				GCC_NO_COMMON_BLOCKS = YES;
				GCC_WARN_64_TO_32_BIT_CONVERSION = YES;
				GCC_WARN_ABOUT_RETURN_TYPE = YES_ERROR;
				GCC_WARN_UNDECLARED_SELECTOR = YES;
				GCC_WARN_UNINITIALIZED_AUTOS = YES_AGGRESSIVE;
				GCC_WARN_UNUSED_FUNCTION = YES;
				GCC_WARN_UNUSED_VARIABLE = YES;
				IPHONEOS_DEPLOYMENT_TARGET = 12.2;
				MTL_ENABLE_DEBUG_INFO = NO;
				MTL_FAST_MATH = YES;
				SDKROOT = iphoneos;
				SWIFT_COMPILATION_MODE = wholemodule;
				SWIFT_OPTIMIZATION_LEVEL = "-O";
				VALIDATE_PRODUCT = YES;
			};
			name = Release;
		};
		263203BE22C1D42700F17468 /* Debug */ = {
			isa = XCBuildConfiguration;
			baseConfigurationReference = BFD1E73D8DB064B196DA195F /* Pods-APIConnector.debug.xcconfig */;
			buildSettings = {
				ASSETCATALOG_COMPILER_APPICON_NAME = AppIcon;
				CODE_SIGN_STYLE = Automatic;
				INFOPLIST_FILE = APIConnector/Info.plist;
				LD_RUNPATH_SEARCH_PATHS = (
					"$(inherited)",
					"@executable_path/Frameworks",
				);
				PRODUCT_BUNDLE_IDENTIFIER = kynguyen.APIConnector;
				PRODUCT_NAME = "$(TARGET_NAME)";
				SWIFT_VERSION = 5.0;
				TARGETED_DEVICE_FAMILY = "1,2";
			};
			name = Debug;
		};
		263203BF22C1D42700F17468 /* Release */ = {
			isa = XCBuildConfiguration;
			baseConfigurationReference = 2CB0D00F7788655A975F06C3 /* Pods-APIConnector.release.xcconfig */;
			buildSettings = {
				ASSETCATALOG_COMPILER_APPICON_NAME = AppIcon;
				CODE_SIGN_STYLE = Automatic;
				INFOPLIST_FILE = APIConnector/Info.plist;
				LD_RUNPATH_SEARCH_PATHS = (
					"$(inherited)",
					"@executable_path/Frameworks",
				);
				PRODUCT_BUNDLE_IDENTIFIER = kynguyen.APIConnector;
				PRODUCT_NAME = "$(TARGET_NAME)";
				SWIFT_VERSION = 5.0;
				TARGETED_DEVICE_FAMILY = "1,2";
			};
			name = Release;
		};
/* End XCBuildConfiguration section */

/* Begin XCConfigurationList section */
		263203A622C1D42400F17468 /* Build configuration list for PBXProject "APIConnector" */ = {
			isa = XCConfigurationList;
			buildConfigurations = (
				263203BB22C1D42700F17468 /* Debug */,
				263203BC22C1D42700F17468 /* Release */,
			);
			defaultConfigurationIsVisible = 0;
			defaultConfigurationName = Release;
		};
		263203BD22C1D42700F17468 /* Build configuration list for PBXNativeTarget "APIConnector" */ = {
			isa = XCConfigurationList;
			buildConfigurations = (
				263203BE22C1D42700F17468 /* Debug */,
				263203BF22C1D42700F17468 /* Release */,
			);
			defaultConfigurationIsVisible = 0;
			defaultConfigurationName = Release;
		};
/* End XCConfigurationList section */
	};
	rootObject = 263203A322C1D42400F17468 /* Project object */;
}
